
Microsoft Visual Studio Solution File, Format Version 12.00
# Visual Studio Version 17
VisualStudioVersion = 17.4.33213.308
MinimumVisualStudioVersion = 10.0.40219.1
Project("{9A19103F-16F7-4668-BE54-9A1E7A4F7556}") = "ProductivityTrackerService", "ProductivityTrackerService\ProductivityTrackerService.csproj", "{330F2C76-F04D-48F3-9318-91F15CD07903}"
EndProject
Project("{FAE04EC0-301F-11D3-BF4B-00C04F79EFBC}") = "ProductivityTrackerService.Tests", "ProductivityTrackerService.Tests\ProductivityTrackerService.Tests.csproj", "{D7EF305F-8BE2-43A7-9A18-56BFC10792EA}"
EndProject
Global
	GlobalSection(SolutionConfigurationPlatforms) = preSolution
		Debug|Any CPU = Debug|Any CPU
		Release|Any CPU = Release|Any CPU
	EndGlobalSection
	GlobalSection(ProjectConfigurationPlatforms) = postSolution
		{330F2C76-F04D-48F3-9318-91F15CD07903}.Debug|Any CPU.ActiveCfg = Debug|Any CPU
		{330F2C76-F04D-48F3-9318-91F15CD07903}.Debug|Any CPU.Build.0 = Debug|Any CPU
		{330F2C76-F04D-48F3-9318-91F15CD07903}.Release|Any CPU.ActiveCfg = Release|Any CPU
		{330F2C76-F04D-48F3-9318-91F15CD07903}.Release|Any CPU.Build.0 = Release|Any CPU
		{D7EF305F-8BE2-43A7-9A18-56BFC10792EA}.Debug|Any CPU.ActiveCfg = Debug|Any CPU
		{D7EF305F-8BE2-43A7-9A18-56BFC10792EA}.Debug|Any CPU.Build.0 = Debug|Any CPU
		{D7EF305F-8BE2-43A7-9A18-56BFC10792EA}.Release|Any CPU.ActiveCfg = Release|Any CPU
		{D7EF305F-8BE2-43A7-9A18-56BFC10792EA}.Release|Any CPU.Build.0 = Release|Any CPU
	EndGlobalSection
	GlobalSection(SolutionProperties) = preSolution
		HideSolutionNode = FALSE
	EndGlobalSection
	GlobalSection(ExtensibilityGlobals) = postSolution
		SolutionGuid = {BAFA6E91-322B-4EA5-A257-CE60A95A17F4}
	EndGlobalSection
EndGlobal
